
Microsoft Visual Studio Solution File, Format Version 11.00
# Visual Studio 2010
Project("{FAE04EC0-301F-11D3-BF4B-00C04F79EFBC}") = "Hethumathe", "Assembly-CSharp-firstpass.csproj", "{F70F07C6-B72E-2ED5-2531-B88559CDE067}"
EndProject
Project("{FAE04EC0-301F-11D3-BF4B-00C04F79EFBC}") = "Hethumathe", "Assembly-CSharp.csproj", "{FC24CB05-AF85-7F0B-BE42-80AAA59FBC14}"
EndProject
Project("{FAE04EC0-301F-11D3-BF4B-00C04F79EFBC}") = "Hethumathe", "Assembly-CSharp-Editor-firstpass.csproj", "{A37A1BD0-DE6C-F17C-6344-111DE9DB2700}"
EndProject
Global
	GlobalSection(SolutionConfigurationPlatforms) = preSolution
		Debug|Any CPU = Debug|Any CPU
		Release|Any CPU = Release|Any CPU
	EndGlobalSection
	GlobalSection(ProjectConfigurationPlatforms) = postSolution
		{F70F07C6-B72E-2ED5-2531-B88559CDE067}.Debug|Any CPU.ActiveCfg = Debug|Any CPU
		{F70F07C6-B72E-2ED5-2531-B88559CDE067}.Debug|Any CPU.Build.0 = Debug|Any CPU
		{F70F07C6-B72E-2ED5-2531-B88559CDE067}.Release|Any CPU.ActiveCfg = Release|Any CPU
		{F70F07C6-B72E-2ED5-2531-B88559CDE067}.Release|Any CPU.Build.0 = Release|Any CPU
		{FC24CB05-AF85-7F0B-BE42-80AAA59FBC14}.Debug|Any CPU.ActiveCfg = Debug|Any CPU
		{FC24CB05-AF85-7F0B-BE42-80AAA59FBC14}.Debug|Any CPU.Build.0 = Debug|Any CPU
		{FC24CB05-AF85-7F0B-BE42-80AAA59FBC14}.Release|Any CPU.ActiveCfg = Release|Any CPU
		{FC24CB05-AF85-7F0B-BE42-80AAA59FBC14}.Release|Any CPU.Build.0 = Release|Any CPU
		{A37A1BD0-DE6C-F17C-6344-111DE9DB2700}.Debug|Any CPU.ActiveCfg = Debug|Any CPU
		{A37A1BD0-DE6C-F17C-6344-111DE9DB2700}.Debug|Any CPU.Build.0 = Debug|Any CPU
		{A37A1BD0-DE6C-F17C-6344-111DE9DB2700}.Release|Any CPU.ActiveCfg = Release|Any CPU
		{A37A1BD0-DE6C-F17C-6344-111DE9DB2700}.Release|Any CPU.Build.0 = Release|Any CPU
	EndGlobalSection
	GlobalSection(SolutionProperties) = preSolution
		HideSolutionNode = FALSE
	EndGlobalSection
	GlobalSection(MonoDevelopProperties) = preSolution
		StartupItem = Assembly-CSharp.csproj
	EndGlobalSection
EndGlobal
